// !$*UTF8*$!
{
	archiveVersion = 1;
	classes = {
	};
	objectVersion = 50;
	objects = {

/* Begin PBXBuildFile section */
		4CB4827D876E383827C7464E /* Pods_iOS_Rekognition_Uploader.framework in Frameworks */ = {isa = PBXBuildFile; fileRef = 220B56D75E921F8DF85CAA4E /* Pods_iOS_Rekognition_Uploader.framework */; };
		8D929CCE0F0420D0D3C573A5 /* Pods_iOS_Rekognition_UploaderTests.framework in Frameworks */ = {isa = PBXBuildFile; fileRef = 8348B581A4776C2C94244C39 /* Pods_iOS_Rekognition_UploaderTests.framework */; };
		DB1866842521A3C100DFE335 /* iOS_Rekognition_UploaderApp.swift in Sources */ = {isa = PBXBuildFile; fileRef = DB1866832521A3C100DFE335 /* iOS_Rekognition_UploaderApp.swift */; };
		DB1866862521A3C100DFE335 /* ContentView.swift in Sources */ = {isa = PBXBuildFile; fileRef = DB1866852521A3C100DFE335 /* ContentView.swift */; };
		DB1866882521A3C200DFE335 /* Assets.xcassets in Resources */ = {isa = PBXBuildFile; fileRef = DB1866872521A3C200DFE335 /* Assets.xcassets */; };
		DB18668B2521A3C200DFE335 /* Preview Assets.xcassets in Resources */ = {isa = PBXBuildFile; fileRef = DB18668A2521A3C200DFE335 /* Preview Assets.xcassets */; };
		DB1866962521A3C300DFE335 /* iOS_Rekognition_UploaderTests.swift in Sources */ = {isa = PBXBuildFile; fileRef = DB1866952521A3C300DFE335 /* iOS_Rekognition_UploaderTests.swift */; };
		DB1866A12521A3C300DFE335 /* iOS_Rekognition_UploaderUITests.swift in Sources */ = {isa = PBXBuildFile; fileRef = DB1866A02521A3C300DFE335 /* iOS_Rekognition_UploaderUITests.swift */; };
		E25C11840478A44115206C91 /* Pods_iOS_Rekognition_Uploader_iOS_Rekognition_UploaderUITests.framework in Frameworks */ = {isa = PBXBuildFile; fileRef = F055611EDD58A2704E4CEB02 /* Pods_iOS_Rekognition_Uploader_iOS_Rekognition_UploaderUITests.framework */; };
/* End PBXBuildFile section */

/* Begin PBXContainerItemProxy section */
		DB1866922521A3C300DFE335 /* PBXContainerItemProxy */ = {
			isa = PBXContainerItemProxy;
			containerPortal = DB1866782521A3C100DFE335 /* Project object */;
			proxyType = 1;
			remoteGlobalIDString = DB18667F2521A3C100DFE335;
			remoteInfo = iOS_Rekognition_Uploader;
		};
		DB18669D2521A3C300DFE335 /* PBXContainerItemProxy */ = {
			isa = PBXContainerItemProxy;
			containerPortal = DB1866782521A3C100DFE335 /* Project object */;
			proxyType = 1;
			remoteGlobalIDString = DB18667F2521A3C100DFE335;
			remoteInfo = iOS_Rekognition_Uploader;
		};
/* End PBXContainerItemProxy section */

/* Begin PBXFileReference section */
		220B56D75E921F8DF85CAA4E /* Pods_iOS_Rekognition_Uploader.framework */ = {isa = PBXFileReference; explicitFileType = wrapper.framework; includeInIndex = 0; path = Pods_iOS_Rekognition_Uploader.framework; sourceTree = BUILT_PRODUCTS_DIR; };
		2C6FA42D8891E9449633D2D3 /* Pods-iOS_Rekognition_Uploader-iOS_Rekognition_UploaderUITests.release.xcconfig */ = {isa = PBXFileReference; includeInIndex = 1; lastKnownFileType = text.xcconfig; name = "Pods-iOS_Rekognition_Uploader-iOS_Rekognition_UploaderUITests.release.xcconfig"; path = "Target Support Files/Pods-iOS_Rekognition_Uploader-iOS_Rekognition_UploaderUITests/Pods-iOS_Rekognition_Uploader-iOS_Rekognition_UploaderUITests.release.xcconfig"; sourceTree = "<group>"; };
		2D5AD3A5B15A0CEAA1265359 /* Pods-iOS_Rekognition_UploaderTests.debug.xcconfig */ = {isa = PBXFileReference; includeInIndex = 1; lastKnownFileType = text.xcconfig; name = "Pods-iOS_Rekognition_UploaderTests.debug.xcconfig"; path = "Target Support Files/Pods-iOS_Rekognition_UploaderTests/Pods-iOS_Rekognition_UploaderTests.debug.xcconfig"; sourceTree = "<group>"; };
		39F39F2E73EC131B4406FA60 /* Pods-iOS_Rekognition_Uploader.debug.xcconfig */ = {isa = PBXFileReference; includeInIndex = 1; lastKnownFileType = text.xcconfig; name = "Pods-iOS_Rekognition_Uploader.debug.xcconfig"; path = "Target Support Files/Pods-iOS_Rekognition_Uploader/Pods-iOS_Rekognition_Uploader.debug.xcconfig"; sourceTree = "<group>"; };
		418AF0036797EDA77BF36CB2 /* Pods-iOS_Rekognition_Uploader-iOS_Rekognition_UploaderUITests.debug.xcconfig */ = {isa = PBXFileReference; includeInIndex = 1; lastKnownFileType = text.xcconfig; name = "Pods-iOS_Rekognition_Uploader-iOS_Rekognition_UploaderUITests.debug.xcconfig"; path = "Target Support Files/Pods-iOS_Rekognition_Uploader-iOS_Rekognition_UploaderUITests/Pods-iOS_Rekognition_Uploader-iOS_Rekognition_UploaderUITests.debug.xcconfig"; sourceTree = "<group>"; };
		8348B581A4776C2C94244C39 /* Pods_iOS_Rekognition_UploaderTests.framework */ = {isa = PBXFileReference; explicitFileType = wrapper.framework; includeInIndex = 0; path = Pods_iOS_Rekognition_UploaderTests.framework; sourceTree = BUILT_PRODUCTS_DIR; };
		C75ABD281E94DA247AF6088F /* Pods-iOS_Rekognition_UploaderTests.release.xcconfig */ = {isa = PBXFileReference; includeInIndex = 1; lastKnownFileType = text.xcconfig; name = "Pods-iOS_Rekognition_UploaderTests.release.xcconfig"; path = "Target Support Files/Pods-iOS_Rekognition_UploaderTests/Pods-iOS_Rekognition_UploaderTests.release.xcconfig"; sourceTree = "<group>"; };
		CFC0D6AB15BE6B42D19A4D3B /* Pods-iOS_Rekognition_Uploader.release.xcconfig */ = {isa = PBXFileReference; includeInIndex = 1; lastKnownFileType = text.xcconfig; name = "Pods-iOS_Rekognition_Uploader.release.xcconfig"; path = "Target Support Files/Pods-iOS_Rekognition_Uploader/Pods-iOS_Rekognition_Uploader.release.xcconfig"; sourceTree = "<group>"; };
		DB1866802521A3C100DFE335 /* iOS_Rekognition_Uploader.app */ = {isa = PBXFileReference; explicitFileType = wrapper.application; includeInIndex = 0; path = iOS_Rekognition_Uploader.app; sourceTree = BUILT_PRODUCTS_DIR; };
		DB1866832521A3C100DFE335 /* iOS_Rekognition_UploaderApp.swift */ = {isa = PBXFileReference; lastKnownFileType = sourcecode.swift; path = iOS_Rekognition_UploaderApp.swift; sourceTree = "<group>"; };
		DB1866852521A3C100DFE335 /* ContentView.swift */ = {isa = PBXFileReference; lastKnownFileType = sourcecode.swift; path = ContentView.swift; sourceTree = "<group>"; };
		DB1866872521A3C200DFE335 /* Assets.xcassets */ = {isa = PBXFileReference; lastKnownFileType = folder.assetcatalog; path = Assets.xcassets; sourceTree = "<group>"; };
		DB18668A2521A3C200DFE335 /* Preview Assets.xcassets */ = {isa = PBXFileReference; lastKnownFileType = folder.assetcatalog; path = "Preview Assets.xcassets"; sourceTree = "<group>"; };
		DB18668C2521A3C200DFE335 /* Info.plist */ = {isa = PBXFileReference; lastKnownFileType = text.plist.xml; path = Info.plist; sourceTree = "<group>"; };
		DB1866912521A3C300DFE335 /* iOS_Rekognition_UploaderTests.xctest */ = {isa = PBXFileReference; explicitFileType = wrapper.cfbundle; includeInIndex = 0; path = iOS_Rekognition_UploaderTests.xctest; sourceTree = BUILT_PRODUCTS_DIR; };
		DB1866952521A3C300DFE335 /* iOS_Rekognition_UploaderTests.swift */ = {isa = PBXFileReference; lastKnownFileType = sourcecode.swift; path = iOS_Rekognition_UploaderTests.swift; sourceTree = "<group>"; };
		DB1866972521A3C300DFE335 /* Info.plist */ = {isa = PBXFileReference; lastKnownFileType = text.plist.xml; path = Info.plist; sourceTree = "<group>"; };
		DB18669C2521A3C300DFE335 /* iOS_Rekognition_UploaderUITests.xctest */ = {isa = PBXFileReference; explicitFileType = wrapper.cfbundle; includeInIndex = 0; path = iOS_Rekognition_UploaderUITests.xctest; sourceTree = BUILT_PRODUCTS_DIR; };
		DB1866A02521A3C300DFE335 /* iOS_Rekognition_UploaderUITests.swift */ = {isa = PBXFileReference; lastKnownFileType = sourcecode.swift; path = iOS_Rekognition_UploaderUITests.swift; sourceTree = "<group>"; };
		DB1866A22521A3C300DFE335 /* Info.plist */ = {isa = PBXFileReference; lastKnownFileType = text.plist.xml; path = Info.plist; sourceTree = "<group>"; };
		F055611EDD58A2704E4CEB02 /* Pods_iOS_Rekognition_Uploader_iOS_Rekognition_UploaderUITests.framework */ = {isa = PBXFileReference; explicitFileType = wrapper.framework; includeInIndex = 0; path = Pods_iOS_Rekognition_Uploader_iOS_Rekognition_UploaderUITests.framework; sourceTree = BUILT_PRODUCTS_DIR; };
/* End PBXFileReference section */

/* Begin PBXFrameworksBuildPhase section */
		DB18667D2521A3C100DFE335 /* Frameworks */ = {
			isa = PBXFrameworksBuildPhase;
			buildActionMask = 2147483647;
			files = (
				4CB4827D876E383827C7464E /* Pods_iOS_Rekognition_Uploader.framework in Frameworks */,
			);
			runOnlyForDeploymentPostprocessing = 0;
		};
		DB18668E2521A3C300DFE335 /* Frameworks */ = {
			isa = PBXFrameworksBuildPhase;
			buildActionMask = 2147483647;
			files = (
				8D929CCE0F0420D0D3C573A5 /* Pods_iOS_Rekognition_UploaderTests.framework in Frameworks */,
			);
			runOnlyForDeploymentPostprocessing = 0;
		};
		DB1866992521A3C300DFE335 /* Frameworks */ = {
			isa = PBXFrameworksBuildPhase;
			buildActionMask = 2147483647;
			files = (
				E25C11840478A44115206C91 /* Pods_iOS_Rekognition_Uploader_iOS_Rekognition_UploaderUITests.framework in Frameworks */,
			);
			runOnlyForDeploymentPostprocessing = 0;
		};
/* End PBXFrameworksBuildPhase section */

/* Begin PBXGroup section */
		444B0C715688AFAE5C9FFAB5 /* Frameworks */ = {
			isa = PBXGroup;
			children = (
				220B56D75E921F8DF85CAA4E /* Pods_iOS_Rekognition_Uploader.framework */,
				F055611EDD58A2704E4CEB02 /* Pods_iOS_Rekognition_Uploader_iOS_Rekognition_UploaderUITests.framework */,
				8348B581A4776C2C94244C39 /* Pods_iOS_Rekognition_UploaderTests.framework */,
			);
			name = Frameworks;
			sourceTree = "<group>";
		};
		C63D255D145AFF65DB6A3647 /* Pods */ = {
			isa = PBXGroup;
			children = (
				39F39F2E73EC131B4406FA60 /* Pods-iOS_Rekognition_Uploader.debug.xcconfig */,
				CFC0D6AB15BE6B42D19A4D3B /* Pods-iOS_Rekognition_Uploader.release.xcconfig */,
				418AF0036797EDA77BF36CB2 /* Pods-iOS_Rekognition_Uploader-iOS_Rekognition_UploaderUITests.debug.xcconfig */,
				2C6FA42D8891E9449633D2D3 /* Pods-iOS_Rekognition_Uploader-iOS_Rekognition_UploaderUITests.release.xcconfig */,
				2D5AD3A5B15A0CEAA1265359 /* Pods-iOS_Rekognition_UploaderTests.debug.xcconfig */,
				C75ABD281E94DA247AF6088F /* Pods-iOS_Rekognition_UploaderTests.release.xcconfig */,
			);
			name = Pods;
			path = Pods;
			sourceTree = "<group>";
		};
		DB1866772521A3C100DFE335 = {
			isa = PBXGroup;
			children = (
				DB1866822521A3C100DFE335 /* iOS_Rekognition_Uploader */,
				DB1866942521A3C300DFE335 /* iOS_Rekognition_UploaderTests */,
				DB18669F2521A3C300DFE335 /* iOS_Rekognition_UploaderUITests */,
				DB1866812521A3C100DFE335 /* Products */,
				C63D255D145AFF65DB6A3647 /* Pods */,
				444B0C715688AFAE5C9FFAB5 /* Frameworks */,
			);
			sourceTree = "<group>";
		};
		DB1866812521A3C100DFE335 /* Products */ = {
			isa = PBXGroup;
			children = (
				DB1866802521A3C100DFE335 /* iOS_Rekognition_Uploader.app */,
				DB1866912521A3C300DFE335 /* iOS_Rekognition_UploaderTests.xctest */,
				DB18669C2521A3C300DFE335 /* iOS_Rekognition_UploaderUITests.xctest */,
			);
			name = Products;
			sourceTree = "<group>";
		};
		DB1866822521A3C100DFE335 /* iOS_Rekognition_Uploader */ = {
			isa = PBXGroup;
			children = (
				DB1866832521A3C100DFE335 /* iOS_Rekognition_UploaderApp.swift */,
				DB1866852521A3C100DFE335 /* ContentView.swift */,
				DB1866872521A3C200DFE335 /* Assets.xcassets */,
				DB18668C2521A3C200DFE335 /* Info.plist */,
				DB1866892521A3C200DFE335 /* Preview Content */,
			);
			path = iOS_Rekognition_Uploader;
			sourceTree = "<group>";
		};
		DB1866892521A3C200DFE335 /* Preview Content */ = {
			isa = PBXGroup;
			children = (
				DB18668A2521A3C200DFE335 /* Preview Assets.xcassets */,
			);
			path = "Preview Content";
			sourceTree = "<group>";
		};
		DB1866942521A3C300DFE335 /* iOS_Rekognition_UploaderTests */ = {
			isa = PBXGroup;
			children = (
				DB1866952521A3C300DFE335 /* iOS_Rekognition_UploaderTests.swift */,
				DB1866972521A3C300DFE335 /* Info.plist */,
			);
			path = iOS_Rekognition_UploaderTests;
			sourceTree = "<group>";
		};
		DB18669F2521A3C300DFE335 /* iOS_Rekognition_UploaderUITests */ = {
			isa = PBXGroup;
			children = (
				DB1866A02521A3C300DFE335 /* iOS_Rekognition_UploaderUITests.swift */,
				DB1866A22521A3C300DFE335 /* Info.plist */,
			);
			path = iOS_Rekognition_UploaderUITests;
			sourceTree = "<group>";
		};
/* End PBXGroup section */

/* Begin PBXNativeTarget section */
		DB18667F2521A3C100DFE335 /* iOS_Rekognition_Uploader */ = {
			isa = PBXNativeTarget;
			buildConfigurationList = DB1866A52521A3C300DFE335 /* Build configuration list for PBXNativeTarget "iOS_Rekognition_Uploader" */;
			buildPhases = (
				C681820763559DA5BE96475F /* [CP] Check Pods Manifest.lock */,
				DB18667C2521A3C100DFE335 /* Sources */,
				DB18667D2521A3C100DFE335 /* Frameworks */,
				DB18667E2521A3C100DFE335 /* Resources */,
				878DA850A9FE4E4B3779775F /* [CP] Embed Pods Frameworks */,
			);
			buildRules = (
			);
			dependencies = (
			);
			name = iOS_Rekognition_Uploader;
			productName = iOS_Rekognition_Uploader;
			productReference = DB1866802521A3C100DFE335 /* iOS_Rekognition_Uploader.app */;
			productType = "com.apple.product-type.application";
		};
		DB1866902521A3C300DFE335 /* iOS_Rekognition_UploaderTests */ = {
			isa = PBXNativeTarget;
			buildConfigurationList = DB1866A82521A3C300DFE335 /* Build configuration list for PBXNativeTarget "iOS_Rekognition_UploaderTests" */;
			buildPhases = (
				2ABE60C913D125720F8133D0 /* [CP] Check Pods Manifest.lock */,
				DB18668D2521A3C300DFE335 /* Sources */,
				DB18668E2521A3C300DFE335 /* Frameworks */,
				DB18668F2521A3C300DFE335 /* Resources */,
			);
			buildRules = (
			);
			dependencies = (
				DB1866932521A3C300DFE335 /* PBXTargetDependency */,
			);
			name = iOS_Rekognition_UploaderTests;
			productName = iOS_Rekognition_UploaderTests;
			productReference = DB1866912521A3C300DFE335 /* iOS_Rekognition_UploaderTests.xctest */;
			productType = "com.apple.product-type.bundle.unit-test";
		};
		DB18669B2521A3C300DFE335 /* iOS_Rekognition_UploaderUITests */ = {
			isa = PBXNativeTarget;
			buildConfigurationList = DB1866AB2521A3C300DFE335 /* Build configuration list for PBXNativeTarget "iOS_Rekognition_UploaderUITests" */;
			buildPhases = (
				88AFC4047F024BB6401E2313 /* [CP] Check Pods Manifest.lock */,
				DB1866982521A3C300DFE335 /* Sources */,
				DB1866992521A3C300DFE335 /* Frameworks */,
				DB18669A2521A3C300DFE335 /* Resources */,
				6B85374E2FAAFF7931A7D5E3 /* [CP] Embed Pods Frameworks */,
			);
			buildRules = (
			);
			dependencies = (
				DB18669E2521A3C300DFE335 /* PBXTargetDependency */,
			);
			name = iOS_Rekognition_UploaderUITests;
			productName = iOS_Rekognition_UploaderUITests;
			productReference = DB18669C2521A3C300DFE335 /* iOS_Rekognition_UploaderUITests.xctest */;
			productType = "com.apple.product-type.bundle.ui-testing";
		};
/* End PBXNativeTarget section */

/* Begin PBXProject section */
		DB1866782521A3C100DFE335 /* Project object */ = {
			isa = PBXProject;
			attributes = {
				LastSwiftUpdateCheck = 1200;
				LastUpgradeCheck = 1200;
				TargetAttributes = {
					DB18667F2521A3C100DFE335 = {
						CreatedOnToolsVersion = 12.0.1;
					};
					DB1866902521A3C300DFE335 = {
						CreatedOnToolsVersion = 12.0.1;
						TestTargetID = DB18667F2521A3C100DFE335;
					};
					DB18669B2521A3C300DFE335 = {
						CreatedOnToolsVersion = 12.0.1;
						TestTargetID = DB18667F2521A3C100DFE335;
					};
				};
			};
			buildConfigurationList = DB18667B2521A3C100DFE335 /* Build configuration list for PBXProject "iOS_Rekognition_Uploader" */;
			compatibilityVersion = "Xcode 9.3";
			developmentRegion = en;
			hasScannedForEncodings = 0;
			knownRegions = (
				en,
				Base,
			);
			mainGroup = DB1866772521A3C100DFE335;
			productRefGroup = DB1866812521A3C100DFE335 /* Products */;
			projectDirPath = "";
			projectRoot = "";
			targets = (
				DB18667F2521A3C100DFE335 /* iOS_Rekognition_Uploader */,
				DB1866902521A3C300DFE335 /* iOS_Rekognition_UploaderTests */,
				DB18669B2521A3C300DFE335 /* iOS_Rekognition_UploaderUITests */,
			);
		};
/* End PBXProject section */

/* Begin PBXResourcesBuildPhase section */
		DB18667E2521A3C100DFE335 /* Resources */ = {
			isa = PBXResourcesBuildPhase;
			buildActionMask = 2147483647;
			files = (
				DB18668B2521A3C200DFE335 /* Preview Assets.xcassets in Resources */,
				DB1866882521A3C200DFE335 /* Assets.xcassets in Resources */,
			);
			runOnlyForDeploymentPostprocessing = 0;
		};
		DB18668F2521A3C300DFE335 /* Resources */ = {
			isa = PBXResourcesBuildPhase;
			buildActionMask = 2147483647;
			files = (
			);
			runOnlyForDeploymentPostprocessing = 0;
		};
		DB18669A2521A3C300DFE335 /* Resources */ = {
			isa = PBXResourcesBuildPhase;
			buildActionMask = 2147483647;
			files = (
			);
			runOnlyForDeploymentPostprocessing = 0;
		};
/* End PBXResourcesBuildPhase section */

/* Begin PBXShellScriptBuildPhase section */
		2ABE60C913D125720F8133D0 /* [CP] Check Pods Manifest.lock */ = {
			isa = PBXShellScriptBuildPhase;
			buildActionMask = 2147483647;
			files = (
			);
			inputFileListPaths = (
			);
			inputPaths = (
				"${PODS_PODFILE_DIR_PATH}/Podfile.lock",
				"${PODS_ROOT}/Manifest.lock",
			);
			name = "[CP] Check Pods Manifest.lock";
			outputFileListPaths = (
			);
			outputPaths = (
				"$(DERIVED_FILE_DIR)/Pods-iOS_Rekognition_UploaderTests-checkManifestLockResult.txt",
			);
			runOnlyForDeploymentPostprocessing = 0;
			shellPath = /bin/sh;
			shellScript = "diff \"${PODS_PODFILE_DIR_PATH}/Podfile.lock\" \"${PODS_ROOT}/Manifest.lock\" > /dev/null\nif [ $? != 0 ] ; then\n    # print error to STDERR\n    echo \"error: The sandbox is not in sync with the Podfile.lock. Run 'pod install' or update your CocoaPods installation.\" >&2\n    exit 1\nfi\n# This output is used by Xcode 'outputs' to avoid re-running this script phase.\necho \"SUCCESS\" > \"${SCRIPT_OUTPUT_FILE_0}\"\n";
			showEnvVarsInLog = 0;
		};
		6B85374E2FAAFF7931A7D5E3 /* [CP] Embed Pods Frameworks */ = {
			isa = PBXShellScriptBuildPhase;
			buildActionMask = 2147483647;
			files = (
			);
			inputFileListPaths = (
				"${PODS_ROOT}/Target Support Files/Pods-iOS_Rekognition_Uploader-iOS_Rekognition_UploaderUITests/Pods-iOS_Rekognition_Uploader-iOS_Rekognition_UploaderUITests-frameworks-${CONFIGURATION}-input-files.xcfilelist",
			);
			name = "[CP] Embed Pods Frameworks";
			outputFileListPaths = (
				"${PODS_ROOT}/Target Support Files/Pods-iOS_Rekognition_Uploader-iOS_Rekognition_UploaderUITests/Pods-iOS_Rekognition_Uploader-iOS_Rekognition_UploaderUITests-frameworks-${CONFIGURATION}-output-files.xcfilelist",
			);
			runOnlyForDeploymentPostprocessing = 0;
			shellPath = /bin/sh;
			shellScript = "\"${PODS_ROOT}/Target Support Files/Pods-iOS_Rekognition_Uploader-iOS_Rekognition_UploaderUITests/Pods-iOS_Rekognition_Uploader-iOS_Rekognition_UploaderUITests-frameworks.sh\"\n";
			showEnvVarsInLog = 0;
		};
		878DA850A9FE4E4B3779775F /* [CP] Embed Pods Frameworks */ = {
			isa = PBXShellScriptBuildPhase;
			buildActionMask = 2147483647;
			files = (
			);
			inputFileListPaths = (
				"${PODS_ROOT}/Target Support Files/Pods-iOS_Rekognition_Uploader/Pods-iOS_Rekognition_Uploader-frameworks-${CONFIGURATION}-input-files.xcfilelist",
			);
			name = "[CP] Embed Pods Frameworks";
			outputFileListPaths = (
				"${PODS_ROOT}/Target Support Files/Pods-iOS_Rekognition_Uploader/Pods-iOS_Rekognition_Uploader-frameworks-${CONFIGURATION}-output-files.xcfilelist",
			);
			runOnlyForDeploymentPostprocessing = 0;
			shellPath = /bin/sh;
			shellScript = "\"${PODS_ROOT}/Target Support Files/Pods-iOS_Rekognition_Uploader/Pods-iOS_Rekognition_Uploader-frameworks.sh\"\n";
			showEnvVarsInLog = 0;
		};
		88AFC4047F024BB6401E2313 /* [CP] Check Pods Manifest.lock */ = {
			isa = PBXShellScriptBuildPhase;
			buildActionMask = 2147483647;
			files = (
			);
			inputFileListPaths = (
			);
			inputPaths = (
				"${PODS_PODFILE_DIR_PATH}/Podfile.lock",
				"${PODS_ROOT}/Manifest.lock",
			);
			name = "[CP] Check Pods Manifest.lock";
			outputFileListPaths = (
			);
			outputPaths = (
				"$(DERIVED_FILE_DIR)/Pods-iOS_Rekognition_Uploader-iOS_Rekognition_UploaderUITests-checkManifestLockResult.txt",
			);
			runOnlyForDeploymentPostprocessing = 0;
			shellPath = /bin/sh;
			shellScript = "diff \"${PODS_PODFILE_DIR_PATH}/Podfile.lock\" \"${PODS_ROOT}/Manifest.lock\" > /dev/null\nif [ $? != 0 ] ; then\n    # print error to STDERR\n    echo \"error: The sandbox is not in sync with the Podfile.lock. Run 'pod install' or update your CocoaPods installation.\" >&2\n    exit 1\nfi\n# This output is used by Xcode 'outputs' to avoid re-running this script phase.\necho \"SUCCESS\" > \"${SCRIPT_OUTPUT_FILE_0}\"\n";
			showEnvVarsInLog = 0;
		};
		C681820763559DA5BE96475F /* [CP] Check Pods Manifest.lock */ = {
			isa = PBXShellScriptBuildPhase;
			buildActionMask = 2147483647;
			files = (
			);
			inputFileListPaths = (
			);
			inputPaths = (
				"${PODS_PODFILE_DIR_PATH}/Podfile.lock",
				"${PODS_ROOT}/Manifest.lock",
			);
			name = "[CP] Check Pods Manifest.lock";
			outputFileListPaths = (
			);
			outputPaths = (
				"$(DERIVED_FILE_DIR)/Pods-iOS_Rekognition_Uploader-checkManifestLockResult.txt",
			);
			runOnlyForDeploymentPostprocessing = 0;
			shellPath = /bin/sh;
			shellScript = "diff \"${PODS_PODFILE_DIR_PATH}/Podfile.lock\" \"${PODS_ROOT}/Manifest.lock\" > /dev/null\nif [ $? != 0 ] ; then\n    # print error to STDERR\n    echo \"error: The sandbox is not in sync with the Podfile.lock. Run 'pod install' or update your CocoaPods installation.\" >&2\n    exit 1\nfi\n# This output is used by Xcode 'outputs' to avoid re-running this script phase.\necho \"SUCCESS\" > \"${SCRIPT_OUTPUT_FILE_0}\"\n";
			showEnvVarsInLog = 0;
		};
/* End PBXShellScriptBuildPhase section */

/* Begin PBXSourcesBuildPhase section */
		DB18667C2521A3C100DFE335 /* Sources */ = {
			isa = PBXSourcesBuildPhase;
			buildActionMask = 2147483647;
			files = (
				DB1866862521A3C100DFE335 /* ContentView.swift in Sources */,
				DB1866842521A3C100DFE335 /* iOS_Rekognition_UploaderApp.swift in Sources */,
			);
			runOnlyForDeploymentPostprocessing = 0;
		};
		DB18668D2521A3C300DFE335 /* Sources */ = {
			isa = PBXSourcesBuildPhase;
			buildActionMask = 2147483647;
			files = (
				DB1866962521A3C300DFE335 /* iOS_Rekognition_UploaderTests.swift in Sources */,
			);
			runOnlyForDeploymentPostprocessing = 0;
		};
		DB1866982521A3C300DFE335 /* Sources */ = {
			isa = PBXSourcesBuildPhase;
			buildActionMask = 2147483647;
			files = (
				DB1866A12521A3C300DFE335 /* iOS_Rekognition_UploaderUITests.swift in Sources */,
			);
			runOnlyForDeploymentPostprocessing = 0;
		};
/* End PBXSourcesBuildPhase section */

/* Begin PBXTargetDependency section */
		DB1866932521A3C300DFE335 /* PBXTargetDependency */ = {
			isa = PBXTargetDependency;
			target = DB18667F2521A3C100DFE335 /* iOS_Rekognition_Uploader */;
			targetProxy = DB1866922521A3C300DFE335 /* PBXContainerItemProxy */;
		};
		DB18669E2521A3C300DFE335 /* PBXTargetDependency */ = {
			isa = PBXTargetDependency;
			target = DB18667F2521A3C100DFE335 /* iOS_Rekognition_Uploader */;
			targetProxy = DB18669D2521A3C300DFE335 /* PBXContainerItemProxy */;
		};
/* End PBXTargetDependency section */

/* Begin XCBuildConfiguration section */
		DB1866A32521A3C300DFE335 /* Debug */ = {
			isa = XCBuildConfiguration;
			buildSettings = {
				ALWAYS_SEARCH_USER_PATHS = NO;
				CLANG_ANALYZER_NONNULL = YES;
				CLANG_ANALYZER_NUMBER_OBJECT_CONVERSION = YES_AGGRESSIVE;
				CLANG_CXX_LANGUAGE_STANDARD = "gnu++14";
				CLANG_CXX_LIBRARY = "libc++";
				CLANG_ENABLE_MODULES = YES;
				CLANG_ENABLE_OBJC_ARC = YES;
				CLANG_ENABLE_OBJC_WEAK = YES;
				CLANG_WARN_BLOCK_CAPTURE_AUTORELEASING = YES;
				CLANG_WARN_BOOL_CONVERSION = YES;
				CLANG_WARN_COMMA = YES;
				CLANG_WARN_CONSTANT_CONVERSION = YES;
				CLANG_WARN_DEPRECATED_OBJC_IMPLEMENTATIONS = YES;
				CLANG_WARN_DIRECT_OBJC_ISA_USAGE = YES_ERROR;
				CLANG_WARN_DOCUMENTATION_COMMENTS = YES;
				CLANG_WARN_EMPTY_BODY = YES;
				CLANG_WARN_ENUM_CONVERSION = YES;
				CLANG_WARN_INFINITE_RECURSION = YES;
				CLANG_WARN_INT_CONVERSION = YES;
				CLANG_WARN_NON_LITERAL_NULL_CONVERSION = YES;
				CLANG_WARN_OBJC_IMPLICIT_RETAIN_SELF = YES;
				CLANG_WARN_OBJC_LITERAL_CONVERSION = YES;
				CLANG_WARN_OBJC_ROOT_CLASS = YES_ERROR;
				CLANG_WARN_QUOTED_INCLUDE_IN_FRAMEWORK_HEADER = YES;
				CLANG_WARN_RANGE_LOOP_ANALYSIS = YES;
				CLANG_WARN_STRICT_PROTOTYPES = YES;
				CLANG_WARN_SUSPICIOUS_MOVE = YES;
				CLANG_WARN_UNGUARDED_AVAILABILITY = YES_AGGRESSIVE;
				CLANG_WARN_UNREACHABLE_CODE = YES;
				CLANG_WARN__DUPLICATE_METHOD_MATCH = YES;
				COPY_PHASE_STRIP = NO;
				DEBUG_INFORMATION_FORMAT = dwarf;
				ENABLE_STRICT_OBJC_MSGSEND = YES;
				ENABLE_TESTABILITY = YES;
				GCC_C_LANGUAGE_STANDARD = gnu11;
				GCC_DYNAMIC_NO_PIC = NO;
				GCC_NO_COMMON_BLOCKS = YES;
				GCC_OPTIMIZATION_LEVEL = 0;
				GCC_PREPROCESSOR_DEFINITIONS = (
					"DEBUG=1",
					"$(inherited)",
				);
				GCC_WARN_64_TO_32_BIT_CONVERSION = YES;
				GCC_WARN_ABOUT_RETURN_TYPE = YES_ERROR;
				GCC_WARN_UNDECLARED_SELECTOR = YES;
				GCC_WARN_UNINITIALIZED_AUTOS = YES_AGGRESSIVE;
				GCC_WARN_UNUSED_FUNCTION = YES;
				GCC_WARN_UNUSED_VARIABLE = YES;
				IPHONEOS_DEPLOYMENT_TARGET = 14.0;
				MTL_ENABLE_DEBUG_INFO = INCLUDE_SOURCE;
				MTL_FAST_MATH = YES;
				ONLY_ACTIVE_ARCH = YES;
				SDKROOT = iphoneos;
				SWIFT_ACTIVE_COMPILATION_CONDITIONS = DEBUG;
				SWIFT_OPTIMIZATION_LEVEL = "-Onone";
			};
			name = Debug;
		};
		DB1866A42521A3C300DFE335 /* Release */ = {
			isa = XCBuildConfiguration;
			buildSettings = {
				ALWAYS_SEARCH_USER_PATHS = NO;
				CLANG_ANALYZER_NONNULL = YES;
				CLANG_ANALYZER_NUMBER_OBJECT_CONVERSION = YES_AGGRESSIVE;
				CLANG_CXX_LANGUAGE_STANDARD = "gnu++14";
				CLANG_CXX_LIBRARY = "libc++";
				CLANG_ENABLE_MODULES = YES;
				CLANG_ENABLE_OBJC_ARC = YES;
				CLANG_ENABLE_OBJC_WEAK = YES;
				CLANG_WARN_BLOCK_CAPTURE_AUTORELEASING = YES;
				CLANG_WARN_BOOL_CONVERSION = YES;
				CLANG_WARN_COMMA = YES;
				CLANG_WARN_CONSTANT_CONVERSION = YES;
				CLANG_WARN_DEPRECATED_OBJC_IMPLEMENTATIONS = YES;
				CLANG_WARN_DIRECT_OBJC_ISA_USAGE = YES_ERROR;
				CLANG_WARN_DOCUMENTATION_COMMENTS = YES;
				CLANG_WARN_EMPTY_BODY = YES;
				CLANG_WARN_ENUM_CONVERSION = YES;
				CLANG_WARN_INFINITE_RECURSION = YES;
				CLANG_WARN_INT_CONVERSION = YES;
				CLANG_WARN_NON_LITERAL_NULL_CONVERSION = YES;
				CLANG_WARN_OBJC_IMPLICIT_RETAIN_SELF = YES;
				CLANG_WARN_OBJC_LITERAL_CONVERSION = YES;
				CLANG_WARN_OBJC_ROOT_CLASS = YES_ERROR;
				CLANG_WARN_QUOTED_INCLUDE_IN_FRAMEWORK_HEADER = YES;
				CLANG_WARN_RANGE_LOOP_ANALYSIS = YES;
				CLANG_WARN_STRICT_PROTOTYPES = YES;
				CLANG_WARN_SUSPICIOUS_MOVE = YES;
				CLANG_WARN_UNGUARDED_AVAILABILITY = YES_AGGRESSIVE;
				CLANG_WARN_UNREACHABLE_CODE = YES;
				CLANG_WARN__DUPLICATE_METHOD_MATCH = YES;
				COPY_PHASE_STRIP = NO;
				DEBUG_INFORMATION_FORMAT = "dwarf-with-dsym";
				ENABLE_NS_ASSERTIONS = NO;
				ENABLE_STRICT_OBJC_MSGSEND = YES;
				GCC_C_LANGUAGE_STANDARD = gnu11;
				GCC_NO_COMMON_BLOCKS = YES;
				GCC_WARN_64_TO_32_BIT_CONVERSION = YES;
				GCC_WARN_ABOUT_RETURN_TYPE = YES_ERROR;
				GCC_WARN_UNDECLARED_SELECTOR = YES;
				GCC_WARN_UNINITIALIZED_AUTOS = YES_AGGRESSIVE;
				GCC_WARN_UNUSED_FUNCTION = YES;
				GCC_WARN_UNUSED_VARIABLE = YES;
				IPHONEOS_DEPLOYMENT_TARGET = 14.0;
				MTL_ENABLE_DEBUG_INFO = NO;
				MTL_FAST_MATH = YES;
				SDKROOT = iphoneos;
				SWIFT_COMPILATION_MODE = wholemodule;
				SWIFT_OPTIMIZATION_LEVEL = "-O";
				VALIDATE_PRODUCT = YES;
			};
			name = Release;
		};
		DB1866A62521A3C300DFE335 /* Debug */ = {
			isa = XCBuildConfiguration;
			baseConfigurationReference = 39F39F2E73EC131B4406FA60 /* Pods-iOS_Rekognition_Uploader.debug.xcconfig */;
			buildSettings = {
				ASSETCATALOG_COMPILER_APPICON_NAME = AppIcon;
				ASSETCATALOG_COMPILER_GLOBAL_ACCENT_COLOR_NAME = AccentColor;
				CODE_SIGN_STYLE = Automatic;
				DEVELOPMENT_ASSET_PATHS = "\"iOS_Rekognition_Uploader/Preview Content\"";
				DEVELOPMENT_TEAM = G3B2ACWEFM;
				ENABLE_PREVIEWS = YES;
				INFOPLIST_FILE = iOS_Rekognition_Uploader/Info.plist;
				IPHONEOS_DEPLOYMENT_TARGET = 14.0;
				LD_RUNPATH_SEARCH_PATHS = (
					"$(inherited)",
					"@executable_path/Frameworks",
				);
				PRODUCT_BUNDLE_IDENTIFIER = "com.alquimia.iOS-Rekognition-Uploader";
				PRODUCT_NAME = "$(TARGET_NAME)";
				SWIFT_VERSION = 5.0;
				TARGETED_DEVICE_FAMILY = "1,2";
			};
			name = Debug;
		};
		DB1866A72521A3C300DFE335 /* Release */ = {
			isa = XCBuildConfiguration;
			baseConfigurationReference = CFC0D6AB15BE6B42D19A4D3B /* Pods-iOS_Rekognition_Uploader.release.xcconfig */;
			buildSettings = {
				ASSETCATALOG_COMPILER_APPICON_NAME = AppIcon;
				ASSETCATALOG_COMPILER_GLOBAL_ACCENT_COLOR_NAME = AccentColor;
				CODE_SIGN_STYLE = Automatic;
				DEVELOPMENT_ASSET_PATHS = "\"iOS_Rekognition_Uploader/Preview Content\"";
				DEVELOPMENT_TEAM = G3B2ACWEFM;
				ENABLE_PREVIEWS = YES;
				INFOPLIST_FILE = iOS_Rekognition_Uploader/Info.plist;
				IPHONEOS_DEPLOYMENT_TARGET = 14.0;
				LD_RUNPATH_SEARCH_PATHS = (
					"$(inherited)",
					"@executable_path/Frameworks",
				);
				PRODUCT_BUNDLE_IDENTIFIER = "com.alquimia.iOS-Rekognition-Uploader";
				PRODUCT_NAME = "$(TARGET_NAME)";
				SWIFT_VERSION = 5.0;
				TARGETED_DEVICE_FAMILY = "1,2";
			};
			name = Release;
		};
		DB1866A92521A3C300DFE335 /* Debug */ = {
			isa = XCBuildConfiguration;
			baseConfigurationReference = 2D5AD3A5B15A0CEAA1265359 /* Pods-iOS_Rekognition_UploaderTests.debug.xcconfig */;
			buildSettings = {
				ALWAYS_EMBED_SWIFT_STANDARD_LIBRARIES = YES;
				BUNDLE_LOADER = "$(TEST_HOST)";
				CODE_SIGN_STYLE = Automatic;
				DEVELOPMENT_TEAM = G3B2ACWEFM;
				INFOPLIST_FILE = iOS_Rekognition_UploaderTests/Info.plist;
				IPHONEOS_DEPLOYMENT_TARGET = 14.0;
				LD_RUNPATH_SEARCH_PATHS = (
					"$(inherited)",
					"@executable_path/Frameworks",
					"@loader_path/Frameworks",
				);
				PRODUCT_BUNDLE_IDENTIFIER = "com.alquimia.iOS-Rekognition-UploaderTests";
				PRODUCT_NAME = "$(TARGET_NAME)";
				SWIFT_VERSION = 5.0;
				TARGETED_DEVICE_FAMILY = "1,2";
				TEST_HOST = "$(BUILT_PRODUCTS_DIR)/iOS_Rekognition_Uploader.app/iOS_Rekognition_Uploader";
			};
			name = Debug;
		};
		DB1866AA2521A3C300DFE335 /* Release */ = {
			isa = XCBuildConfiguration;
			baseConfigurationReference = C75ABD281E94DA247AF6088F /* Pods-iOS_Rekognition_UploaderTests.release.xcconfig */;
			buildSettings = {
				ALWAYS_EMBED_SWIFT_STANDARD_LIBRARIES = YES;
				BUNDLE_LOADER = "$(TEST_HOST)";
				CODE_SIGN_STYLE = Automatic;
				DEVELOPMENT_TEAM = G3B2ACWEFM;
				INFOPLIST_FILE = iOS_Rekognition_UploaderTests/Info.plist;
				IPHONEOS_DEPLOYMENT_TARGET = 14.0;
				LD_RUNPATH_SEARCH_PATHS = (
					"$(inherited)",
					"@executable_path/Frameworks",
					"@loader_path/Frameworks",
				);
				PRODUCT_BUNDLE_IDENTIFIER = "com.alquimia.iOS-Rekognition-UploaderTests";
				PRODUCT_NAME = "$(TARGET_NAME)";
				SWIFT_VERSION = 5.0;
				TARGETED_DEVICE_FAMILY = "1,2";
				TEST_HOST = "$(BUILT_PRODUCTS_DIR)/iOS_Rekognition_Uploader.app/iOS_Rekognition_Uploader";
			};
			name = Release;
		};
		DB1866AC2521A3C300DFE335 /* Debug */ = {
			isa = XCBuildConfiguration;
			baseConfigurationReference = 418AF0036797EDA77BF36CB2 /* Pods-iOS_Rekognition_Uploader-iOS_Rekognition_UploaderUITests.debug.xcconfig */;
			buildSettings = {
				ALWAYS_EMBED_SWIFT_STANDARD_LIBRARIES = YES;
				CODE_SIGN_STYLE = Automatic;
				DEVELOPMENT_TEAM = G3B2ACWEFM;
				INFOPLIST_FILE = iOS_Rekognition_UploaderUITests/Info.plist;
				LD_RUNPATH_SEARCH_PATHS = (
					"$(inherited)",
					"@executable_path/Frameworks",
					"@loader_path/Frameworks",
				);
				PRODUCT_BUNDLE_IDENTIFIER = "com.alquimia.iOS-Rekognition-UploaderUITests";
				PRODUCT_NAME = "$(TARGET_NAME)";
				SWIFT_VERSION = 5.0;
				TARGETED_DEVICE_FAMILY = "1,2";
				TEST_TARGET_NAME = iOS_Rekognition_Uploader;
			};
			name = Debug;
		};
		DB1866AD2521A3C300DFE335 /* Release */ = {
			isa = XCBuildConfiguration;
			baseConfigurationReference = 2C6FA42D8891E9449633D2D3 /* Pods-iOS_Rekognition_Uploader-iOS_Rekognition_UploaderUITests.release.xcconfig */;
			buildSettings = {
				ALWAYS_EMBED_SWIFT_STANDARD_LIBRARIES = YES;
				CODE_SIGN_STYLE = Automatic;
				DEVELOPMENT_TEAM = G3B2ACWEFM;
				INFOPLIST_FILE = iOS_Rekognition_UploaderUITests/Info.plist;
				LD_RUNPATH_SEARCH_PATHS = (
					"$(inherited)",
					"@executable_path/Frameworks",
					"@loader_path/Frameworks",
				);
				PRODUCT_BUNDLE_IDENTIFIER = "com.alquimia.iOS-Rekognition-UploaderUITests";
				PRODUCT_NAME = "$(TARGET_NAME)";
				SWIFT_VERSION = 5.0;
				TARGETED_DEVICE_FAMILY = "1,2";
				TEST_TARGET_NAME = iOS_Rekognition_Uploader;
			};
			name = Release;
		};
/* End XCBuildConfiguration section */

/* Begin XCConfigurationList section */
		DB18667B2521A3C100DFE335 /* Build configuration list for PBXProject "iOS_Rekognition_Uploader" */ = {
			isa = XCConfigurationList;
			buildConfigurations = (
				DB1866A32521A3C300DFE335 /* Debug */,
				DB1866A42521A3C300DFE335 /* Release */,
			);
			defaultConfigurationIsVisible = 0;
			defaultConfigurationName = Release;
		};
		DB1866A52521A3C300DFE335 /* Build configuration list for PBXNativeTarget "iOS_Rekognition_Uploader" */ = {
			isa = XCConfigurationList;
			buildConfigurations = (
				DB1866A62521A3C300DFE335 /* Debug */,
				DB1866A72521A3C300DFE335 /* Release */,
			);
			defaultConfigurationIsVisible = 0;
			defaultConfigurationName = Release;
		};
		DB1866A82521A3C300DFE335 /* Build configuration list for PBXNativeTarget "iOS_Rekognition_UploaderTests" */ = {
			isa = XCConfigurationList;
			buildConfigurations = (
				DB1866A92521A3C300DFE335 /* Debug */,
				DB1866AA2521A3C300DFE335 /* Release */,
			);
			defaultConfigurationIsVisible = 0;
			defaultConfigurationName = Release;
		};
		DB1866AB2521A3C300DFE335 /* Build configuration list for PBXNativeTarget "iOS_Rekognition_UploaderUITests" */ = {
			isa = XCConfigurationList;
			buildConfigurations = (
				DB1866AC2521A3C300DFE335 /* Debug */,
				DB1866AD2521A3C300DFE335 /* Release */,
			);
			defaultConfigurationIsVisible = 0;
			defaultConfigurationName = Release;
		};
/* End XCConfigurationList section */
	};
	rootObject = DB1866782521A3C100DFE335 /* Project object */;
}
